{
  "name": "Ink-Storylet-Framework",
  "lockfileVersion": 3,
  "requires": true,
  "packages": {
    "": {
      "dependencies": {
        "inkjs": "^2.3.2",
        "inklecate": "^1.8.1"
      }
    },
    "node_modules/commander": {
      "version": "2.20.3",
      "resolved": "https://registry.npmjs.org/commander/-/commander-2.20.3.tgz",
      "integrity": "sha512-GpVkmM8vF2vQUkj2LvZmD35JxeJOLCwJ9cUkugyk2nuhbv3+mJvpLYYt+0+USMxE+oj+ey/lJEnhZw75x/OMcQ==",
      "license": "MIT"
    },
    "node_modules/fs-extra": {
      "version": "8.1.0",
      "resolved": "https://registry.npmjs.org/fs-extra/-/fs-extra-8.1.0.tgz",
      "integrity": "sha512-yhlQgA6mnOJUKOsRUFsgJdQCvkKhcz8tlZG5HBQfReYZy46OwLcY+Zia0mtdHsOo9y/hP+CxMN0TU9QxoOtG4g==",
      "license": "MIT",
      "dependencies": {
        "graceful-fs": "^4.2.0",
        "jsonfile": "^4.0.0",
        "universalify": "^0.1.0"
      },
      "engines": {
        "node": ">=6 <7 || >=8"
      }
    },
    "node_modules/graceful-fs": {
      "version": "4.2.11",
      "resolved": "https://registry.npmjs.org/graceful-fs/-/graceful-fs-4.2.11.tgz",
      "integrity": "sha512-RbJ5/jmFcNNCcDV5o9eTnBLJ/HszWV0P73bc+Ff4nS/rJj+YaS6IGyiOL0VoBYX+l1Wrl3k63h/KrH+nhJ0XvQ==",
      "license": "ISC"
    },
    "node_modules/inkjs": {
      "version": "2.3.2",
      "resolved": "https://registry.npmjs.org/inkjs/-/inkjs-2.3.2.tgz",
      "integrity": "sha512-iZjrY0lLeRiC+HtDzCfV9IEAP9ExCmBZUrxKkyLy1qIbbGbR1uTXNZ8LDIg8oVkMXZ9TeKKyEFQpQ/m5nQds8w==",
      "license": "MIT",
      "bin": {
        "inkjs-compiler": "bin/inkjs-compiler.js"
      }
    },
    "node_modules/inklecate": {
      "version": "1.8.1",
      "resolved": "https://registry.npmjs.org/inklecate/-/inklecate-1.8.1.tgz",
      "integrity": "sha512-xk4nd6pezh8B4J6Jqvdv/u85jx7hZIEEoNe8b9Dy4sU8ecftjYQ117cWOEcwuPF+2BcyiIdj/7/eE57nVzpSfQ==",
      "license": "MIT",
      "dependencies": {
        "commander": "^2.20.3",
        "fs-extra": "^8.1.0",
        "ts-assertions": "^2.0.5",
        "uuid": "^8.2.0"
      },
      "bin": {
        "inklecate": "cli.js"
      }
    },
    "node_modules/jsonfile": {
      "version": "4.0.0",
      "resolved": "https://registry.npmjs.org/jsonfile/-/jsonfile-4.0.0.tgz",
      "integrity": "sha512-m6F1R3z8jjlf2imQHS2Qez5sjKWQzbuuhuJ/FKYFRZvPE3PuHcSMVZzfsLhGVOkfd20obL5SWEBew5ShlquNxg==",
      "license": "MIT",
      "optionalDependencies": {
        "graceful-fs": "^4.1.6"
      }
    },
    "node_modules/ts-assertions": {
      "version": "2.0.6",
      "resolved": "https://registry.npmjs.org/ts-assertions/-/ts-assertions-2.0.6.tgz",
      "integrity": "sha512-9lqaCPgeYS80HICaq8WYcmonqfy7A6I1MDL5QtHB6PGwKFmcPd6tZKe0fh54+/Cd9y6B3uRIjCZMH9mK19HjFw==",
      "license": "GPL-3.0-or-later"
    },
    "node_modules/universalify": {
      "version": "0.1.2",
      "resolved": "https://registry.npmjs.org/universalify/-/universalify-0.1.2.tgz",
      "integrity": "sha512-rBJeI5CXAlmy1pV+617WB9J63U6XcazHHF2f2dbJix4XzpUF0RS3Zbj0FGIOCAva5P/d/GBOYaACQ1w+0azUkg==",
      "license": "MIT",
      "engines": {
        "node": ">= 4.0.0"
      }
    },
    "node_modules/uuid": {
      "version": "8.3.2",
      "resolved": "https://registry.npmjs.org/uuid/-/uuid-8.3.2.tgz",
      "integrity": "sha512-+NYs2QeMWy+GWFOEm9xnn6HCDp0l7QBD7ml8zLUmJ+93Q5NF0NocErnwkTkXVFNiX3/fpC6afS8Dhb/gz7R7eg==",
      "license": "MIT",
      "bin": {
        "uuid": "dist/bin/uuid"
      }
    }
  }
}
